{
  "name": "winter-2026-final-deliverable",
  "version": "1.0.0",
  "lockfileVersion": 2,
  "requires": true,
  "author": "",
  "description": "",
  "license": "ISC",
  "main": "index.js",
  "packages": {},
  "devDependencies": {
    "cypress": "^13.6.0",
    "http-server": "^14.1.1"
  },
  "scripts": {
    "codespace:test": "export PORT=10000 && start-test 10000 cy:runcode",
    "cy:basic": "cypress run --spec ./cypress/e2e/e2eTest.cy.js",
    "cy:open": "cypress open",
    "cy:run": "cypress run",
    "cy:run:component": "cypress run --component",
    "cy:runcode": "cypress run --env theport=10000",
    "cy:stretch": "cypress run --spec ./cypress/e2e/stretch.cy.js",
    "lint": "npm run lint:js",
    "lint:js": "eslint js/script.js ",
    "local:basic": "start-test 8080 cy:basic",
    "local:open": "start-test 8080 cy:open",
    "local:run": "start-test 8080 cy:run",
    "local:run:record": "start-test 8080 cy:run:record",
    "local:stretch": "start-test 8080 cy:stretch",
    "start": "node ./scripts/start.js",
    "test": "cy:open"
  }
}
